
Microsoft Visual Studio Solution File, Format Version 12.00
# Visual Studio Version 17
VisualStudioVersion = 17.0.31912.275
MinimumVisualStudioVersion = 10.0.40219.1
Project("{9A19103F-16F7-4668-BE54-9A1E7A4F7556}") = "Aoc3.Aoc2021", "Aoc3.Aoc2021\Aoc3.Aoc2021.csproj", "{15AB4F36-F352-413A-BC3F-2C7DF1F3F58F}"
EndProject
Project("{9A19103F-16F7-4668-BE54-9A1E7A4F7556}") = "Aoc4", "Aoc4\Aoc4.csproj", "{F316FB08-47CD-4ED7-B2A9-7F1E3A44A000}"
EndProject
Project("{9A19103F-16F7-4668-BE54-9A1E7A4F7556}") = "Aoc5", "Aoc5\Aoc5.csproj", "{B27B00D9-29AF-4F1B-85E8-3A72719160F1}"
EndProject
Project("{9A19103F-16F7-4668-BE54-9A1E7A4F7556}") = "Aoc6", "Aoc6\Aoc6.csproj", "{6739E5B0-F50D-4DDA-A28C-0477321E2926}"
EndProject
Project("{9A19103F-16F7-4668-BE54-9A1E7A4F7556}") = "Aoc7", "Aoc7\Aoc7.csproj", "{9BAC2998-FF85-4474-8F36-2CC74B840013}"
EndProject
Project("{9A19103F-16F7-4668-BE54-9A1E7A4F7556}") = "Aoc8", "Aoc8\Aoc8.csproj", "{6D33FF2C-2001-41CF-B549-FEAB274DD8F5}"
EndProject
Project("{9A19103F-16F7-4668-BE54-9A1E7A4F7556}") = "Aoc9", "Aoc9\Aoc9.csproj", "{DF0918F8-AB3A-4E9F-9ED7-19AD8BFA2EEE}"
EndProject
Project("{9A19103F-16F7-4668-BE54-9A1E7A4F7556}") = "Aoc10", "Aoc10\Aoc10.csproj", "{00EBCDEC-456A-4F31-898A-4B2DA0E1110E}"
EndProject
Project("{9A19103F-16F7-4668-BE54-9A1E7A4F7556}") = "Aoc11", "Aoc11\Aoc11.csproj", "{165F6654-25DC-4596-B55D-29F72FCE04DB}"
EndProject
Project("{9A19103F-16F7-4668-BE54-9A1E7A4F7556}") = "Aoc12", "Aoc12\Aoc12.csproj", "{6F37CBD7-789E-4B55-9A3A-0088F9A3A62C}"
EndProject
Project("{9A19103F-16F7-4668-BE54-9A1E7A4F7556}") = "Aoc13", "Aoc13\Aoc13.csproj", "{DD3664BA-173E-4A28-91A3-75173971A294}"
EndProject
Project("{9A19103F-16F7-4668-BE54-9A1E7A4F7556}") = "Aoc14", "Aoc14\Aoc14.csproj", "{D8FF960F-37C3-4EA2-9BF0-122FADB1BC2B}"
EndProject
Project("{9A19103F-16F7-4668-BE54-9A1E7A4F7556}") = "Aoc15", "Aoc15\Aoc15.csproj", "{4987CBBC-FB3C-4B5E-B340-90AD6EDA9003}"
EndProject
Project("{9A19103F-16F7-4668-BE54-9A1E7A4F7556}") = "Aoc16", "Aoc16\Aoc16.csproj", "{0AF183A6-8251-4A30-9566-4FBF8947B7D9}"
EndProject
Project("{9A19103F-16F7-4668-BE54-9A1E7A4F7556}") = "Aoc17", "Aoc17\Aoc17.csproj", "{46DEDF03-4ADC-4846-A16F-5C2357E287DF}"
EndProject
Project("{9A19103F-16F7-4668-BE54-9A1E7A4F7556}") = "Aoc18", "Aoc18\Aoc18.csproj", "{C8809577-92E6-46F0-9EFF-489FBFDDD975}"
EndProject
Project("{9A19103F-16F7-4668-BE54-9A1E7A4F7556}") = "Aoc19", "Aoc19\Aoc19.csproj", "{BB2C4317-D597-480B-8039-BBB59742406D}"
EndProject
Project("{9A19103F-16F7-4668-BE54-9A1E7A4F7556}") = "Aoc20", "Aoc20\Aoc20.csproj", "{1723CDC4-68C3-412B-8D7E-F5ADF72A4A05}"
EndProject
Project("{9A19103F-16F7-4668-BE54-9A1E7A4F7556}") = "Aoc21", "Aoc21\Aoc21.csproj", "{D3F5C154-D8B9-435B-822D-850786EC93E0}"
EndProject
Project("{9A19103F-16F7-4668-BE54-9A1E7A4F7556}") = "Aoc22", "Aoc22\Aoc22.csproj", "{AE7F4C36-4AA2-45A6-80C8-7807031BC6E3}"
EndProject
Project("{9A19103F-16F7-4668-BE54-9A1E7A4F7556}") = "Aoc23", "Aoc23\Aoc23.csproj", "{04FD57B7-84F0-4A60-8760-18FE8662FEA2}"
EndProject
Project("{9A19103F-16F7-4668-BE54-9A1E7A4F7556}") = "Aoc24", "Aoc24\Aoc24.csproj", "{8C47B099-1092-4811-B792-C92208CDFFF9}"
EndProject
Project("{FAE04EC0-301F-11D3-BF4B-00C04F79EFBC}") = "Aoc25", "Aoc25\Aoc25.csproj", "{461F4094-9706-4821-B12F-E7100AD0DA8B}"
EndProject
Global
	GlobalSection(SolutionConfigurationPlatforms) = preSolution
		Debug|Any CPU = Debug|Any CPU
		Release|Any CPU = Release|Any CPU
	EndGlobalSection
	GlobalSection(ProjectConfigurationPlatforms) = postSolution
		{15AB4F36-F352-413A-BC3F-2C7DF1F3F58F}.Debug|Any CPU.ActiveCfg = Debug|Any CPU
		{15AB4F36-F352-413A-BC3F-2C7DF1F3F58F}.Debug|Any CPU.Build.0 = Debug|Any CPU
		{15AB4F36-F352-413A-BC3F-2C7DF1F3F58F}.Release|Any CPU.ActiveCfg = Release|Any CPU
		{15AB4F36-F352-413A-BC3F-2C7DF1F3F58F}.Release|Any CPU.Build.0 = Release|Any CPU
		{F316FB08-47CD-4ED7-B2A9-7F1E3A44A000}.Debug|Any CPU.ActiveCfg = Debug|Any CPU
		{F316FB08-47CD-4ED7-B2A9-7F1E3A44A000}.Debug|Any CPU.Build.0 = Debug|Any CPU
		{F316FB08-47CD-4ED7-B2A9-7F1E3A44A000}.Release|Any CPU.ActiveCfg = Release|Any CPU
		{F316FB08-47CD-4ED7-B2A9-7F1E3A44A000}.Release|Any CPU.Build.0 = Release|Any CPU
		{B27B00D9-29AF-4F1B-85E8-3A72719160F1}.Debug|Any CPU.ActiveCfg = Debug|Any CPU
		{B27B00D9-29AF-4F1B-85E8-3A72719160F1}.Debug|Any CPU.Build.0 = Debug|Any CPU
		{B27B00D9-29AF-4F1B-85E8-3A72719160F1}.Release|Any CPU.ActiveCfg = Release|Any CPU
		{B27B00D9-29AF-4F1B-85E8-3A72719160F1}.Release|Any CPU.Build.0 = Release|Any CPU
		{6739E5B0-F50D-4DDA-A28C-0477321E2926}.Debug|Any CPU.ActiveCfg = Debug|Any CPU
		{6739E5B0-F50D-4DDA-A28C-0477321E2926}.Debug|Any CPU.Build.0 = Debug|Any CPU
		{6739E5B0-F50D-4DDA-A28C-0477321E2926}.Release|Any CPU.ActiveCfg = Release|Any CPU
		{6739E5B0-F50D-4DDA-A28C-0477321E2926}.Release|Any CPU.Build.0 = Release|Any CPU
		{9BAC2998-FF85-4474-8F36-2CC74B840013}.Debug|Any CPU.ActiveCfg = Debug|Any CPU
		{9BAC2998-FF85-4474-8F36-2CC74B840013}.Debug|Any CPU.Build.0 = Debug|Any CPU
		{9BAC2998-FF85-4474-8F36-2CC74B840013}.Release|Any CPU.ActiveCfg = Release|Any CPU
		{9BAC2998-FF85-4474-8F36-2CC74B840013}.Release|Any CPU.Build.0 = Release|Any CPU
		{6D33FF2C-2001-41CF-B549-FEAB274DD8F5}.Debug|Any CPU.ActiveCfg = Debug|Any CPU
		{6D33FF2C-2001-41CF-B549-FEAB274DD8F5}.Debug|Any CPU.Build.0 = Debug|Any CPU
		{6D33FF2C-2001-41CF-B549-FEAB274DD8F5}.Release|Any CPU.ActiveCfg = Release|Any CPU
		{6D33FF2C-2001-41CF-B549-FEAB274DD8F5}.Release|Any CPU.Build.0 = Release|Any CPU
		{DF0918F8-AB3A-4E9F-9ED7-19AD8BFA2EEE}.Debug|Any CPU.ActiveCfg = Debug|Any CPU
		{DF0918F8-AB3A-4E9F-9ED7-19AD8BFA2EEE}.Debug|Any CPU.Build.0 = Debug|Any CPU
		{DF0918F8-AB3A-4E9F-9ED7-19AD8BFA2EEE}.Release|Any CPU.ActiveCfg = Release|Any CPU
		{DF0918F8-AB3A-4E9F-9ED7-19AD8BFA2EEE}.Release|Any CPU.Build.0 = Release|Any CPU
		{00EBCDEC-456A-4F31-898A-4B2DA0E1110E}.Debug|Any CPU.ActiveCfg = Debug|Any CPU
		{00EBCDEC-456A-4F31-898A-4B2DA0E1110E}.Debug|Any CPU.Build.0 = Debug|Any CPU
		{00EBCDEC-456A-4F31-898A-4B2DA0E1110E}.Release|Any CPU.ActiveCfg = Release|Any CPU
		{00EBCDEC-456A-4F31-898A-4B2DA0E1110E}.Release|Any CPU.Build.0 = Release|Any CPU
		{165F6654-25DC-4596-B55D-29F72FCE04DB}.Debug|Any CPU.ActiveCfg = Debug|Any CPU
		{165F6654-25DC-4596-B55D-29F72FCE04DB}.Debug|Any CPU.Build.0 = Debug|Any CPU
		{165F6654-25DC-4596-B55D-29F72FCE04DB}.Release|Any CPU.ActiveCfg = Release|Any CPU
		{165F6654-25DC-4596-B55D-29F72FCE04DB}.Release|Any CPU.Build.0 = Release|Any CPU
		{6F37CBD7-789E-4B55-9A3A-0088F9A3A62C}.Debug|Any CPU.ActiveCfg = Debug|Any CPU
		{6F37CBD7-789E-4B55-9A3A-0088F9A3A62C}.Debug|Any CPU.Build.0 = Debug|Any CPU
		{6F37CBD7-789E-4B55-9A3A-0088F9A3A62C}.Release|Any CPU.ActiveCfg = Release|Any CPU
		{6F37CBD7-789E-4B55-9A3A-0088F9A3A62C}.Release|Any CPU.Build.0 = Release|Any CPU
		{DD3664BA-173E-4A28-91A3-75173971A294}.Debug|Any CPU.ActiveCfg = Debug|Any CPU
		{DD3664BA-173E-4A28-91A3-75173971A294}.Debug|Any CPU.Build.0 = Debug|Any CPU
		{DD3664BA-173E-4A28-91A3-75173971A294}.Release|Any CPU.ActiveCfg = Release|Any CPU
		{DD3664BA-173E-4A28-91A3-75173971A294}.Release|Any CPU.Build.0 = Release|Any CPU
		{D8FF960F-37C3-4EA2-9BF0-122FADB1BC2B}.Debug|Any CPU.ActiveCfg = Debug|Any CPU
		{D8FF960F-37C3-4EA2-9BF0-122FADB1BC2B}.Debug|Any CPU.Build.0 = Debug|Any CPU
		{D8FF960F-37C3-4EA2-9BF0-122FADB1BC2B}.Release|Any CPU.ActiveCfg = Release|Any CPU
		{D8FF960F-37C3-4EA2-9BF0-122FADB1BC2B}.Release|Any CPU.Build.0 = Release|Any CPU
		{4987CBBC-FB3C-4B5E-B340-90AD6EDA9003}.Debug|Any CPU.ActiveCfg = Debug|Any CPU
		{4987CBBC-FB3C-4B5E-B340-90AD6EDA9003}.Debug|Any CPU.Build.0 = Debug|Any CPU
		{4987CBBC-FB3C-4B5E-B340-90AD6EDA9003}.Release|Any CPU.ActiveCfg = Release|Any CPU
		{4987CBBC-FB3C-4B5E-B340-90AD6EDA9003}.Release|Any CPU.Build.0 = Release|Any CPU
		{0AF183A6-8251-4A30-9566-4FBF8947B7D9}.Debug|Any CPU.ActiveCfg = Debug|Any CPU
		{0AF183A6-8251-4A30-9566-4FBF8947B7D9}.Debug|Any CPU.Build.0 = Debug|Any CPU
		{0AF183A6-8251-4A30-9566-4FBF8947B7D9}.Release|Any CPU.ActiveCfg = Release|Any CPU
		{0AF183A6-8251-4A30-9566-4FBF8947B7D9}.Release|Any CPU.Build.0 = Release|Any CPU
		{46DEDF03-4ADC-4846-A16F-5C2357E287DF}.Debug|Any CPU.ActiveCfg = Debug|Any CPU
		{46DEDF03-4ADC-4846-A16F-5C2357E287DF}.Debug|Any CPU.Build.0 = Debug|Any CPU
		{46DEDF03-4ADC-4846-A16F-5C2357E287DF}.Release|Any CPU.ActiveCfg = Release|Any CPU
		{46DEDF03-4ADC-4846-A16F-5C2357E287DF}.Release|Any CPU.Build.0 = Release|Any CPU
		{C8809577-92E6-46F0-9EFF-489FBFDDD975}.Debug|Any CPU.ActiveCfg = Debug|Any CPU
		{C8809577-92E6-46F0-9EFF-489FBFDDD975}.Debug|Any CPU.Build.0 = Debug|Any CPU
		{C8809577-92E6-46F0-9EFF-489FBFDDD975}.Release|Any CPU.ActiveCfg = Release|Any CPU
		{C8809577-92E6-46F0-9EFF-489FBFDDD975}.Release|Any CPU.Build.0 = Release|Any CPU
		{BB2C4317-D597-480B-8039-BBB59742406D}.Debug|Any CPU.ActiveCfg = Debug|Any CPU
		{BB2C4317-D597-480B-8039-BBB59742406D}.Debug|Any CPU.Build.0 = Debug|Any CPU
		{BB2C4317-D597-480B-8039-BBB59742406D}.Release|Any CPU.ActiveCfg = Release|Any CPU
		{BB2C4317-D597-480B-8039-BBB59742406D}.Release|Any CPU.Build.0 = Release|Any CPU
		{1723CDC4-68C3-412B-8D7E-F5ADF72A4A05}.Debug|Any CPU.ActiveCfg = Debug|Any CPU
		{1723CDC4-68C3-412B-8D7E-F5ADF72A4A05}.Debug|Any CPU.Build.0 = Debug|Any CPU
		{1723CDC4-68C3-412B-8D7E-F5ADF72A4A05}.Release|Any CPU.ActiveCfg = Release|Any CPU
		{1723CDC4-68C3-412B-8D7E-F5ADF72A4A05}.Release|Any CPU.Build.0 = Release|Any CPU
		{D3F5C154-D8B9-435B-822D-850786EC93E0}.Debug|Any CPU.ActiveCfg = Debug|Any CPU
		{D3F5C154-D8B9-435B-822D-850786EC93E0}.Debug|Any CPU.Build.0 = Debug|Any CPU
		{D3F5C154-D8B9-435B-822D-850786EC93E0}.Release|Any CPU.ActiveCfg = Release|Any CPU
		{D3F5C154-D8B9-435B-822D-850786EC93E0}.Release|Any CPU.Build.0 = Release|Any CPU
		{AE7F4C36-4AA2-45A6-80C8-7807031BC6E3}.Debug|Any CPU.ActiveCfg = Debug|Any CPU
		{AE7F4C36-4AA2-45A6-80C8-7807031BC6E3}.Debug|Any CPU.Build.0 = Debug|Any CPU
		{AE7F4C36-4AA2-45A6-80C8-7807031BC6E3}.Release|Any CPU.ActiveCfg = Release|Any CPU
		{AE7F4C36-4AA2-45A6-80C8-7807031BC6E3}.Release|Any CPU.Build.0 = Release|Any CPU
		{04FD57B7-84F0-4A60-8760-18FE8662FEA2}.Debug|Any CPU.ActiveCfg = Debug|Any CPU
		{04FD57B7-84F0-4A60-8760-18FE8662FEA2}.Debug|Any CPU.Build.0 = Debug|Any CPU
		{04FD57B7-84F0-4A60-8760-18FE8662FEA2}.Release|Any CPU.ActiveCfg = Release|Any CPU
		{04FD57B7-84F0-4A60-8760-18FE8662FEA2}.Release|Any CPU.Build.0 = Release|Any CPU
		{8C47B099-1092-4811-B792-C92208CDFFF9}.Debug|Any CPU.ActiveCfg = Debug|Any CPU
		{8C47B099-1092-4811-B792-C92208CDFFF9}.Debug|Any CPU.Build.0 = Debug|Any CPU
		{8C47B099-1092-4811-B792-C92208CDFFF9}.Release|Any CPU.ActiveCfg = Release|Any CPU
		{8C47B099-1092-4811-B792-C92208CDFFF9}.Release|Any CPU.Build.0 = Release|Any CPU
		{461F4094-9706-4821-B12F-E7100AD0DA8B}.Debug|Any CPU.ActiveCfg = Debug|Any CPU
		{461F4094-9706-4821-B12F-E7100AD0DA8B}.Debug|Any CPU.Build.0 = Debug|Any CPU
		{461F4094-9706-4821-B12F-E7100AD0DA8B}.Release|Any CPU.ActiveCfg = Release|Any CPU
		{461F4094-9706-4821-B12F-E7100AD0DA8B}.Release|Any CPU.Build.0 = Release|Any CPU
	EndGlobalSection
	GlobalSection(SolutionProperties) = preSolution
		HideSolutionNode = FALSE
	EndGlobalSection
	GlobalSection(ExtensibilityGlobals) = postSolution
		SolutionGuid = {C4ED3724-4AEA-4FFB-AEA4-B64AC98045B3}
	EndGlobalSection
EndGlobal
